
Microsoft Visual Studio Solution File, Format Version 12.00
# Visual Studio Version 17
VisualStudioVersion = 17.3.32825.248
MinimumVisualStudioVersion = 10.0.40219.1
Project("{2150E333-8FDC-42A3-9474-1A3956D46DE8}") = "src", "src", "{D426D224-9BD8-4E1C-82E3-745C9074D3B8}"
EndProject
Project("{FAE04EC0-301F-11D3-BF4B-00C04F79EFBC}") = "Application", "src\Application\Application.csproj", "{C6AA104C-C769-47EE-9289-DA29C89765F7}"
EndProject
Project("{FAE04EC0-301F-11D3-BF4B-00C04F79EFBC}") = "Domain", "src\Domain\Domain.csproj", "{8D5E28D3-3329-4774-95CD-DC193AB57F27}"
EndProject
Project("{FAE04EC0-301F-11D3-BF4B-00C04F79EFBC}") = "Infrastructure", "src\Infrastructure\Infrastructure.csproj", "{3A695CEB-C8C6-4325-83C2-34B9B7BDC63C}"
EndProject
Project("{2150E333-8FDC-42A3-9474-1A3956D46DE8}") = "corePackages", "corePackages", "{FD71FCA7-62FC-4526-8D23-145FADF54C95}"
EndProject
Project("{9A19103F-16F7-4668-BE54-9A1E7A4F7556}") = "Core.Application", "src\corePackages\Core.Application\Core.Application.csproj", "{ED70F444-8752-480D-883D-3042EFEAD0B2}"
EndProject
Project("{9A19103F-16F7-4668-BE54-9A1E7A4F7556}") = "Core.CrossCuttingConcerns", "src\corePackages\Core.CrossCuttingConcers\Core.CrossCuttingConcerns.csproj", "{340277BD-42D4-4403-ADFB-5437DEC0600F}"
EndProject
Project("{9A19103F-16F7-4668-BE54-9A1E7A4F7556}") = "Core.ElasticSearch", "src\corePackages\Core.ElasticSearch\Core.ElasticSearch.csproj", "{DD3ABF7F-5D09-4B46-BFE4-6A249E823D04}"
EndProject
Project("{9A19103F-16F7-4668-BE54-9A1E7A4F7556}") = "Core.Mailing", "src\corePackages\Core.Mailing\Core.Mailing.csproj", "{1CA0D40C-0BC1-4467-8BFC-9289642C07C9}"
EndProject
Project("{9A19103F-16F7-4668-BE54-9A1E7A4F7556}") = "Core.Persistence", "src\corePackages\Core.Persistence\Core.Persistence.csproj", "{4E7F89A7-4B6A-4095-A61C-98CBF776D0F8}"
EndProject
Project("{9A19103F-16F7-4668-BE54-9A1E7A4F7556}") = "Core.Security", "src\corePackages\Core.Security\Core.Security.csproj", "{665C1DC6-0196-486E-B198-C0ED50C6D2D4}"
EndProject
Project("{FAE04EC0-301F-11D3-BF4B-00C04F79EFBC}") = "WebAPI", "src\WebAPI\WebAPI.csproj", "{C36F0306-1ABE-4127-85E8-D712E8B7372C}"
EndProject
Project("{FAE04EC0-301F-11D3-BF4B-00C04F79EFBC}") = "Persistence", "src\Persistence\Persistence.csproj", "{69969D3D-43C2-4B93-BBDC-B55ED6F59068}"
EndProject
Global
	GlobalSection(SolutionConfigurationPlatforms) = preSolution
		Debug|Any CPU = Debug|Any CPU
		Release|Any CPU = Release|Any CPU
	EndGlobalSection
	GlobalSection(ProjectConfigurationPlatforms) = postSolution
		{C6AA104C-C769-47EE-9289-DA29C89765F7}.Debug|Any CPU.ActiveCfg = Debug|Any CPU
		{C6AA104C-C769-47EE-9289-DA29C89765F7}.Debug|Any CPU.Build.0 = Debug|Any CPU
		{C6AA104C-C769-47EE-9289-DA29C89765F7}.Release|Any CPU.ActiveCfg = Release|Any CPU
		{C6AA104C-C769-47EE-9289-DA29C89765F7}.Release|Any CPU.Build.0 = Release|Any CPU
		{8D5E28D3-3329-4774-95CD-DC193AB57F27}.Debug|Any CPU.ActiveCfg = Debug|Any CPU
		{8D5E28D3-3329-4774-95CD-DC193AB57F27}.Debug|Any CPU.Build.0 = Debug|Any CPU
		{8D5E28D3-3329-4774-95CD-DC193AB57F27}.Release|Any CPU.ActiveCfg = Release|Any CPU
		{8D5E28D3-3329-4774-95CD-DC193AB57F27}.Release|Any CPU.Build.0 = Release|Any CPU
		{3A695CEB-C8C6-4325-83C2-34B9B7BDC63C}.Debug|Any CPU.ActiveCfg = Debug|Any CPU
		{3A695CEB-C8C6-4325-83C2-34B9B7BDC63C}.Debug|Any CPU.Build.0 = Debug|Any CPU
		{3A695CEB-C8C6-4325-83C2-34B9B7BDC63C}.Release|Any CPU.ActiveCfg = Release|Any CPU
		{3A695CEB-C8C6-4325-83C2-34B9B7BDC63C}.Release|Any CPU.Build.0 = Release|Any CPU
		{ED70F444-8752-480D-883D-3042EFEAD0B2}.Debug|Any CPU.ActiveCfg = Debug|Any CPU
		{ED70F444-8752-480D-883D-3042EFEAD0B2}.Debug|Any CPU.Build.0 = Debug|Any CPU
		{ED70F444-8752-480D-883D-3042EFEAD0B2}.Release|Any CPU.ActiveCfg = Release|Any CPU
		{ED70F444-8752-480D-883D-3042EFEAD0B2}.Release|Any CPU.Build.0 = Release|Any CPU
		{340277BD-42D4-4403-ADFB-5437DEC0600F}.Debug|Any CPU.ActiveCfg = Debug|Any CPU
		{340277BD-42D4-4403-ADFB-5437DEC0600F}.Debug|Any CPU.Build.0 = Debug|Any CPU
		{340277BD-42D4-4403-ADFB-5437DEC0600F}.Release|Any CPU.ActiveCfg = Release|Any CPU
		{340277BD-42D4-4403-ADFB-5437DEC0600F}.Release|Any CPU.Build.0 = Release|Any CPU
		{DD3ABF7F-5D09-4B46-BFE4-6A249E823D04}.Debug|Any CPU.ActiveCfg = Debug|Any CPU
		{DD3ABF7F-5D09-4B46-BFE4-6A249E823D04}.Debug|Any CPU.Build.0 = Debug|Any CPU
		{DD3ABF7F-5D09-4B46-BFE4-6A249E823D04}.Release|Any CPU.ActiveCfg = Release|Any CPU
		{DD3ABF7F-5D09-4B46-BFE4-6A249E823D04}.Release|Any CPU.Build.0 = Release|Any CPU
		{1CA0D40C-0BC1-4467-8BFC-9289642C07C9}.Debug|Any CPU.ActiveCfg = Debug|Any CPU
		{1CA0D40C-0BC1-4467-8BFC-9289642C07C9}.Debug|Any CPU.Build.0 = Debug|Any CPU
		{1CA0D40C-0BC1-4467-8BFC-9289642C07C9}.Release|Any CPU.ActiveCfg = Release|Any CPU
		{1CA0D40C-0BC1-4467-8BFC-9289642C07C9}.Release|Any CPU.Build.0 = Release|Any CPU
		{4E7F89A7-4B6A-4095-A61C-98CBF776D0F8}.Debug|Any CPU.ActiveCfg = Debug|Any CPU
		{4E7F89A7-4B6A-4095-A61C-98CBF776D0F8}.Debug|Any CPU.Build.0 = Debug|Any CPU
		{4E7F89A7-4B6A-4095-A61C-98CBF776D0F8}.Release|Any CPU.ActiveCfg = Release|Any CPU
		{4E7F89A7-4B6A-4095-A61C-98CBF776D0F8}.Release|Any CPU.Build.0 = Release|Any CPU
		{665C1DC6-0196-486E-B198-C0ED50C6D2D4}.Debug|Any CPU.ActiveCfg = Debug|Any CPU
		{665C1DC6-0196-486E-B198-C0ED50C6D2D4}.Debug|Any CPU.Build.0 = Debug|Any CPU
		{665C1DC6-0196-486E-B198-C0ED50C6D2D4}.Release|Any CPU.ActiveCfg = Release|Any CPU
		{665C1DC6-0196-486E-B198-C0ED50C6D2D4}.Release|Any CPU.Build.0 = Release|Any CPU
		{C36F0306-1ABE-4127-85E8-D712E8B7372C}.Debug|Any CPU.ActiveCfg = Debug|Any CPU
		{C36F0306-1ABE-4127-85E8-D712E8B7372C}.Debug|Any CPU.Build.0 = Debug|Any CPU
		{C36F0306-1ABE-4127-85E8-D712E8B7372C}.Release|Any CPU.ActiveCfg = Release|Any CPU
		{C36F0306-1ABE-4127-85E8-D712E8B7372C}.Release|Any CPU.Build.0 = Release|Any CPU
		{69969D3D-43C2-4B93-BBDC-B55ED6F59068}.Debug|Any CPU.ActiveCfg = Debug|Any CPU
		{69969D3D-43C2-4B93-BBDC-B55ED6F59068}.Debug|Any CPU.Build.0 = Debug|Any CPU
		{69969D3D-43C2-4B93-BBDC-B55ED6F59068}.Release|Any CPU.ActiveCfg = Release|Any CPU
		{69969D3D-43C2-4B93-BBDC-B55ED6F59068}.Release|Any CPU.Build.0 = Release|Any CPU
	EndGlobalSection
	GlobalSection(SolutionProperties) = preSolution
		HideSolutionNode = FALSE
	EndGlobalSection
	GlobalSection(NestedProjects) = preSolution
		{C6AA104C-C769-47EE-9289-DA29C89765F7} = {D426D224-9BD8-4E1C-82E3-745C9074D3B8}
		{8D5E28D3-3329-4774-95CD-DC193AB57F27} = {D426D224-9BD8-4E1C-82E3-745C9074D3B8}
		{3A695CEB-C8C6-4325-83C2-34B9B7BDC63C} = {D426D224-9BD8-4E1C-82E3-745C9074D3B8}
		{FD71FCA7-62FC-4526-8D23-145FADF54C95} = {D426D224-9BD8-4E1C-82E3-745C9074D3B8}
		{ED70F444-8752-480D-883D-3042EFEAD0B2} = {FD71FCA7-62FC-4526-8D23-145FADF54C95}
		{340277BD-42D4-4403-ADFB-5437DEC0600F} = {FD71FCA7-62FC-4526-8D23-145FADF54C95}
		{DD3ABF7F-5D09-4B46-BFE4-6A249E823D04} = {FD71FCA7-62FC-4526-8D23-145FADF54C95}
		{1CA0D40C-0BC1-4467-8BFC-9289642C07C9} = {FD71FCA7-62FC-4526-8D23-145FADF54C95}
		{4E7F89A7-4B6A-4095-A61C-98CBF776D0F8} = {FD71FCA7-62FC-4526-8D23-145FADF54C95}
		{665C1DC6-0196-486E-B198-C0ED50C6D2D4} = {FD71FCA7-62FC-4526-8D23-145FADF54C95}
		{C36F0306-1ABE-4127-85E8-D712E8B7372C} = {D426D224-9BD8-4E1C-82E3-745C9074D3B8}
		{69969D3D-43C2-4B93-BBDC-B55ED6F59068} = {D426D224-9BD8-4E1C-82E3-745C9074D3B8}
	EndGlobalSection
	GlobalSection(ExtensibilityGlobals) = postSolution
		SolutionGuid = {4432D16A-87F3-4F73-930A-BF3710A4D120}
	EndGlobalSection
EndGlobal
